
Microsoft Visual Studio Solution File, Format Version 12.00
# Visual Studio Version 16
VisualStudioVersion = 16.0.29318.209
MinimumVisualStudioVersion = 10.0.40219.1
Project("{9A19103F-16F7-4668-BE54-9A1E7A4F7556}") = "RabbitsLifeCycle.Web.Api", "RabbitsLifeCycle.Web.Api\RabbitsLifeCycle.Web.Api.csproj", "{C678CC6A-EB0F-4774-9DA3-9C716B398DEB}"
EndProject
Project("{9A19103F-16F7-4668-BE54-9A1E7A4F7556}") = "RabbitsLifeCycle.Web.Api.Tests", "RabbitsLifeCycle.Web.Api.Tests\RabbitsLifeCycle.Web.Api.Tests.csproj", "{778F612B-FAD1-4AED-ACC3-E2AF29B35B06}"
EndProject
Global
	GlobalSection(SolutionConfigurationPlatforms) = preSolution
		Debug|Any CPU = Debug|Any CPU
		Release|Any CPU = Release|Any CPU
	EndGlobalSection
	GlobalSection(ProjectConfigurationPlatforms) = postSolution
		{C678CC6A-EB0F-4774-9DA3-9C716B398DEB}.Debug|Any CPU.ActiveCfg = Debug|Any CPU
		{C678CC6A-EB0F-4774-9DA3-9C716B398DEB}.Debug|Any CPU.Build.0 = Debug|Any CPU
		{C678CC6A-EB0F-4774-9DA3-9C716B398DEB}.Release|Any CPU.ActiveCfg = Release|Any CPU
		{C678CC6A-EB0F-4774-9DA3-9C716B398DEB}.Release|Any CPU.Build.0 = Release|Any CPU
		{778F612B-FAD1-4AED-ACC3-E2AF29B35B06}.Debug|Any CPU.ActiveCfg = Debug|Any CPU
		{778F612B-FAD1-4AED-ACC3-E2AF29B35B06}.Debug|Any CPU.Build.0 = Debug|Any CPU
		{778F612B-FAD1-4AED-ACC3-E2AF29B35B06}.Release|Any CPU.ActiveCfg = Release|Any CPU
		{778F612B-FAD1-4AED-ACC3-E2AF29B35B06}.Release|Any CPU.Build.0 = Release|Any CPU
	EndGlobalSection
	GlobalSection(SolutionProperties) = preSolution
		HideSolutionNode = FALSE
	EndGlobalSection
	GlobalSection(ExtensibilityGlobals) = postSolution
		SolutionGuid = {35149131-66C1-4CEC-8D59-9F14CCBB9058}
	EndGlobalSection
EndGlobal
